// !$*UTF8*$!
{
	archiveVersion = 1;
	classes = {
	};
	objectVersion = 56;
	objects = {

/* Begin PBXBuildFile section */
		AA0000000000000000000001 /* AppDelegate.swift in Sources */ = {isa = PBXBuildFile; fileRef = BB0000000000000000000001 /* AppDelegate.swift */; };
		AA0000000000000000000002 /* ViewController.swift in Sources */ = {isa = PBXBuildFile; fileRef = BB0000000000000000000002 /* ViewController.swift */; };
		AA0000000000000000000003 /* Assets.xcassets in Resources */ = {isa = PBXBuildFile; fileRef = BB0000000000000000000005 /* Assets.xcassets */; };
		AA0000000000000000000004 /* LaunchScreen.storyboard in Resources */ = {isa = PBXBuildFile; fileRef = BB0000000000000000000006 /* LaunchScreen.storyboard */; };
		AA0000000000000000000005 /* PrivacyInfo.xcprivacy in Resources */ = {isa = PBXBuildFile; fileRef = BB0000000000000000000004 /* PrivacyInfo.xcprivacy */; };
/* End PBXBuildFile section */

/* Begin PBXFileReference section */
		BB0000000000000000000001 /* AppDelegate.swift */ = {isa = PBXFileReference; lastKnownFileType = sourcecode.swift; path = AppDelegate.swift; sourceTree = "<group>"; };
		BB0000000000000000000002 /* ViewController.swift */ = {isa = PBXFileReference; lastKnownFileType = sourcecode.swift; path = ViewController.swift; sourceTree = "<group>"; };
		BB0000000000000000000003 /* Info.plist */ = {isa = PBXFileReference; lastKnownFileType = text.plist.xml; path = Info.plist; sourceTree = "<group>"; };
		BB0000000000000000000004 /* PrivacyInfo.xcprivacy */ = {isa = PBXFileReference; lastKnownFileType = text.plist.xml; path = PrivacyInfo.xcprivacy; sourceTree = "<group>"; };
		BB0000000000000000000005 /* Assets.xcassets */ = {isa = PBXFileReference; lastKnownFileType = folder.assetcatalog; path = Assets.xcassets; sourceTree = "<group>"; };
		BB0000000000000000000006 /* LaunchScreen.storyboard */ = {isa = PBXFileReference; lastKnownFileType = file.storyboard; name = LaunchScreen.storyboard; path = Base.lproj/LaunchScreen.storyboard; sourceTree = "<group>"; };
		BB0000000000000000000007 /* RealitySync.app */ = {isa = PBXFileReference; explicitFileType = wrapper.application; includeInIndex = 0; path = RealitySync.app; sourceTree = BUILT_PRODUCTS_DIR; };
		BB0000000000000000000008 /* Base.xcconfig */ = {isa = PBXFileReference; lastKnownFileType = text.xcconfig; path = Base.xcconfig; sourceTree = "<group>"; };
		BB0000000000000000000009 /* Debug.xcconfig */ = {isa = PBXFileReference; lastKnownFileType = text.xcconfig; path = Debug.xcconfig; sourceTree = "<group>"; };
		BB000000000000000000000A /* Release.xcconfig */ = {isa = PBXFileReference; lastKnownFileType = text.xcconfig; path = Release.xcconfig; sourceTree = "<group>"; };
/* End PBXFileReference section */

/* Begin PBXFrameworksBuildPhase section */
		DD0000000000000000000002 /* Frameworks */ = {
			isa = PBXFrameworksBuildPhase;
			buildActionMask = 2147483647;
			files = (
			);
			runOnlyForDeploymentPostprocessing = 0;
		};
/* End PBXFrameworksBuildPhase section */

/* Begin PBXGroup section */
		CC0000000000000000000001 = {
			isa = PBXGroup;
			children = (
				CC0000000000000000000002 /* RealitySync */,
				CC0000000000000000000005 /* Config */,
				CC0000000000000000000004 /* Products */,
			);
			sourceTree = "<group>";
		};
		CC0000000000000000000002 /* RealitySync */ = {
			isa = PBXGroup;
			children = (
				BB0000000000000000000001 /* AppDelegate.swift */,
				BB0000000000000000000002 /* ViewController.swift */,
				BB0000000000000000000003 /* Info.plist */,
				BB0000000000000000000004 /* PrivacyInfo.xcprivacy */,
				BB0000000000000000000005 /* Assets.xcassets */,
				BB0000000000000000000006 /* LaunchScreen.storyboard */,
			);
			path = RealitySync;
			sourceTree = "<group>";
		};
		CC0000000000000000000004 /* Products */ = {
			isa = PBXGroup;
			children = (
				BB0000000000000000000007 /* RealitySync.app */,
			);
			name = Products;
			sourceTree = "<group>";
		};
		CC0000000000000000000005 /* Config */ = {
			isa = PBXGroup;
			children = (
				BB0000000000000000000008 /* Base.xcconfig */,
				BB0000000000000000000009 /* Debug.xcconfig */,
				BB000000000000000000000A /* Release.xcconfig */,
			);
			path = Config;
			sourceTree = "<group>";
		};
/* End PBXGroup section */

/* Begin PBXNativeTarget section */
		EE0000000000000000000001 /* RealitySync */ = {
			isa = PBXNativeTarget;
			buildConfigurationList = 100000000000000000000004 /* Build configuration list for PBXNativeTarget "RealitySync" */;
			buildPhases = (
				DD0000000000000000000001 /* Sources */,
				DD0000000000000000000002 /* Frameworks */,
				DD0000000000000000000003 /* Resources */,
				DD0000000000000000000004 /* Copy bundled web app */,
			);
			buildRules = (
			);
			dependencies = (
			);
			name = RealitySync;
			productName = RealitySync;
			productReference = BB0000000000000000000007 /* RealitySync.app */;
			productType = "com.apple.product-type.application";
		};
/* End PBXNativeTarget section */

/* Begin PBXProject section */
		FF0000000000000000000001 /* Project object */ = {
			isa = PBXProject;
			attributes = {
				BuildIndependentTargetsInParallel = YES;
				LastSwiftUpdateCheck = 2600;
				LastUpgradeCheck = 2600;
				TargetAttributes = {
					EE0000000000000000000001 = {
						CreatedOnToolsVersion = 26.0;
					};
				};
			};
			buildConfigurationList = 100000000000000000000003 /* Build configuration list for PBXProject "RealitySync" */;
			compatibilityVersion = "Xcode 14.0";
			developmentRegion = en;
			hasScannedForEncodings = 0;
			knownRegions = (
				en,
				Base,
			);
			mainGroup = CC0000000000000000000001;
			productRefGroup = CC0000000000000000000004 /* Products */;
			projectDirPath = "";
			projectRoot = "";
			targets = (
				EE0000000000000000000001 /* RealitySync */,
			);
		};
/* End PBXProject section */

/* Begin PBXResourcesBuildPhase section */
		DD0000000000000000000003 /* Resources */ = {
			isa = PBXResourcesBuildPhase;
			buildActionMask = 2147483647;
			files = (
				AA0000000000000000000003 /* Assets.xcassets in Resources */,
				AA0000000000000000000004 /* LaunchScreen.storyboard in Resources */,
				AA0000000000000000000005 /* PrivacyInfo.xcprivacy in Resources */,
			);
			runOnlyForDeploymentPostprocessing = 0;
		};
/* End PBXResourcesBuildPhase section */

/* Begin PBXShellScriptBuildPhase section */
		DD0000000000000000000004 /* Copy bundled web app */ = {
			isa = PBXShellScriptBuildPhase;
			alwaysOutOfDate = 1;
			buildActionMask = 2147483647;
			files = (
			);
			inputFileListPaths = (
			);
			inputPaths = (
			);
			name = "Copy bundled web app";
			outputFileListPaths = (
			);
			outputPaths = (
			);
			runOnlyForDeploymentPostprocessing = 0;
			shellPath = /bin/sh;
			shellScript = "set -euo pipefail\nWEB_DIST=\"${SRCROOT}/../dist\"\nWEB_TARGET=\"${TARGET_BUILD_DIR}/${UNLOCALIZED_RESOURCES_FOLDER_PATH}/Web\"\nif [ ! -f \"${WEB_DIST}/index.html\" ]; then\n  echo \"error: Missing dist/index.html. Run npm run ios:prepare from the repository root before building in Xcode.\"\n  exit 1\nfi\nrm -rf \"${WEB_TARGET}\"\nmkdir -p \"${WEB_TARGET}\"\nditto \"${WEB_DIST}\" \"${WEB_TARGET}\"\n";
		};
/* End PBXShellScriptBuildPhase section */

/* Begin PBXSourcesBuildPhase section */
		DD0000000000000000000001 /* Sources */ = {
			isa = PBXSourcesBuildPhase;
			buildActionMask = 2147483647;
			files = (
				AA0000000000000000000001 /* AppDelegate.swift in Sources */,
				AA0000000000000000000002 /* ViewController.swift in Sources */,
			);
			runOnlyForDeploymentPostprocessing = 0;
		};
/* End PBXSourcesBuildPhase section */

/* Begin XCBuildConfiguration section */
		100000000000000000000001 /* Debug */ = {
			isa = XCBuildConfiguration;
			buildSettings = {
				ALWAYS_SEARCH_USER_PATHS = NO;
				CLANG_ENABLE_MODULES = YES;
				CLANG_ENABLE_OBJC_ARC = YES;
				SDKROOT = iphoneos;
			};
			name = Debug;
		};
		100000000000000000000002 /* Release */ = {
			isa = XCBuildConfiguration;
			buildSettings = {
				ALWAYS_SEARCH_USER_PATHS = NO;
				CLANG_ENABLE_MODULES = YES;
				CLANG_ENABLE_OBJC_ARC = YES;
				SDKROOT = iphoneos;
			};
			name = Release;
		};
		100000000000000000000005 /* Debug */ = {
			isa = XCBuildConfiguration;
			baseConfigurationReference = BB0000000000000000000009 /* Debug.xcconfig */;
			buildSettings = {
				ENABLE_USER_SCRIPT_SANDBOXING = NO;
				LD_RUNPATH_SEARCH_PATHS = "$(inherited) @executable_path/Frameworks";
				SUPPORTED_PLATFORMS = "iphoneos iphonesimulator";
			};
			name = Debug;
		};
		100000000000000000000006 /* Release */ = {
			isa = XCBuildConfiguration;
			baseConfigurationReference = BB000000000000000000000A /* Release.xcconfig */;
			buildSettings = {
				ENABLE_USER_SCRIPT_SANDBOXING = NO;
				LD_RUNPATH_SEARCH_PATHS = "$(inherited) @executable_path/Frameworks";
				SUPPORTED_PLATFORMS = "iphoneos iphonesimulator";
			};
			name = Release;
		};
/* End XCBuildConfiguration section */

/* Begin XCConfigurationList section */
		100000000000000000000003 /* Build configuration list for PBXProject "RealitySync" */ = {
			isa = XCConfigurationList;
			buildConfigurations = (
				100000000000000000000001 /* Debug */,
				100000000000000000000002 /* Release */,
			);
			defaultConfigurationIsVisible = 0;
			defaultConfigurationName = Release;
		};
		100000000000000000000004 /* Build configuration list for PBXNativeTarget "RealitySync" */ = {
			isa = XCConfigurationList;
			buildConfigurations = (
				100000000000000000000005 /* Debug */,
				100000000000000000000006 /* Release */,
			);
			defaultConfigurationIsVisible = 0;
			defaultConfigurationName = Release;
		};
/* End XCConfigurationList section */
	};
	rootObject = FF0000000000000000000001 /* Project object */;
}
